
Microsoft Visual Studio Solution File, Format Version 12.00
# Visual Studio Version 17
VisualStudioVersion = 17.9.34714.143
MinimumVisualStudioVersion = 10.0.40219.1
Project("{FAE04EC0-301F-11D3-BF4B-00C04F79EFBC}") = "EntranseTesting", "EntranseTesting\EntranseTesting.csproj", "{D90FE9D8-CE23-4891-A06C-6A4929EF11A8}"
EndProject
Global
	GlobalSection(SolutionConfigurationPlatforms) = preSolution
		Debug|Any CPU = Debug|Any CPU
		Release|Any CPU = Release|Any CPU
	EndGlobalSection
	GlobalSection(ProjectConfigurationPlatforms) = postSolution
		{D90FE9D8-CE23-4891-A06C-6A4929EF11A8}.Debug|Any CPU.ActiveCfg = Debug|Any CPU
		{D90FE9D8-CE23-4891-A06C-6A4929EF11A8}.Debug|Any CPU.Build.0 = Debug|Any CPU
		{D90FE9D8-CE23-4891-A06C-6A4929EF11A8}.Release|Any CPU.ActiveCfg = Release|Any CPU
		{D90FE9D8-CE23-4891-A06C-6A4929EF11A8}.Release|Any CPU.Build.0 = Release|Any CPU
	EndGlobalSection
	GlobalSection(SolutionProperties) = preSolution
		HideSolutionNode = FALSE
	EndGlobalSection
	GlobalSection(ExtensibilityGlobals) = postSolution
		SolutionGuid = {C500D044-1482-4206-A0CD-FE98FE327CE4}
	EndGlobalSection
EndGlobal
